
Microsoft Visual Studio Solution File, Format Version 12.00
# Visual Studio Version 17
VisualStudioVersion = 17.10.35122.118
MinimumVisualStudioVersion = 10.0.40219.1
Project("{FAE04EC0-301F-11D3-BF4B-00C04F79EFBC}") = "Ecommerce", "Ecommerce\Ecommerce.csproj", "{5416E051-2276-42C9-8787-F81699C39FE6}"
EndProject
Global
	GlobalSection(SolutionConfigurationPlatforms) = preSolution
		Debug|Any CPU = Debug|Any CPU
		Release|Any CPU = Release|Any CPU
	EndGlobalSection
	GlobalSection(ProjectConfigurationPlatforms) = postSolution
		{5416E051-2276-42C9-8787-F81699C39FE6}.Debug|Any CPU.ActiveCfg = Debug|Any CPU
		{5416E051-2276-42C9-8787-F81699C39FE6}.Debug|Any CPU.Build.0 = Debug|Any CPU
		{5416E051-2276-42C9-8787-F81699C39FE6}.Release|Any CPU.ActiveCfg = Release|Any CPU
		{5416E051-2276-42C9-8787-F81699C39FE6}.Release|Any CPU.Build.0 = Release|Any CPU
	EndGlobalSection
	GlobalSection(SolutionProperties) = preSolution
		HideSolutionNode = FALSE
	EndGlobalSection
	GlobalSection(ExtensibilityGlobals) = postSolution
		SolutionGuid = {6B1BB10D-817D-459E-931F-E6669B69B581}
	EndGlobalSection
EndGlobal
